
Microsoft Visual Studio Solution File, Format Version 12.00
# Visual Studio Version 16
VisualStudioVersion = 16.0.30611.23
MinimumVisualStudioVersion = 10.0.40219.1
Project("{8BC9CEB8-8B4A-11D0-8D11-00A0C91BC942}") = "figuraPrzeciazenieOperatora", "figuraPrzeciazenieOperatora.vcxproj", "{345FE4E6-DE93-477A-A062-E937C06BDD0A}"
EndProject
Global
	GlobalSection(SolutionConfigurationPlatforms) = preSolution
		Debug|x64 = Debug|x64
		Debug|x86 = Debug|x86
		Release|x64 = Release|x64
		Release|x86 = Release|x86
	EndGlobalSection
	GlobalSection(ProjectConfigurationPlatforms) = postSolution
		{345FE4E6-DE93-477A-A062-E937C06BDD0A}.Debug|x64.ActiveCfg = Debug|x64
		{345FE4E6-DE93-477A-A062-E937C06BDD0A}.Debug|x64.Build.0 = Debug|x64
		{345FE4E6-DE93-477A-A062-E937C06BDD0A}.Debug|x86.ActiveCfg = Debug|Win32
		{345FE4E6-DE93-477A-A062-E937C06BDD0A}.Debug|x86.Build.0 = Debug|Win32
		{345FE4E6-DE93-477A-A062-E937C06BDD0A}.Release|x64.ActiveCfg = Release|x64
		{345FE4E6-DE93-477A-A062-E937C06BDD0A}.Release|x64.Build.0 = Release|x64
		{345FE4E6-DE93-477A-A062-E937C06BDD0A}.Release|x86.ActiveCfg = Release|Win32
		{345FE4E6-DE93-477A-A062-E937C06BDD0A}.Release|x86.Build.0 = Release|Win32
	EndGlobalSection
	GlobalSection(SolutionProperties) = preSolution
		HideSolutionNode = FALSE
	EndGlobalSection
	GlobalSection(ExtensibilityGlobals) = postSolution
		SolutionGuid = {D8A3B833-3DB9-458D-902B-2763C6C36C6E}
	EndGlobalSection
EndGlobal
